
Microsoft Visual Studio Solution File, Format Version 12.00
# Visual Studio Version 17
VisualStudioVersion = 17.8.34511.84
MinimumVisualStudioVersion = 10.0.40219.1
Project("{FAE04EC0-301F-11D3-BF4B-00C04F79EFBC}") = "Sinif Dersi 17 10 2025", "Sinif Dersi 17 10 2025\Sinif Dersi 17 10 2025.csproj", "{106EAAC4-ED63-41E0-BAEF-3AA9D5C99BBC}"
EndProject
Global
	GlobalSection(SolutionConfigurationPlatforms) = preSolution
		Debug|Any CPU = Debug|Any CPU
		Release|Any CPU = Release|Any CPU
	EndGlobalSection
	GlobalSection(ProjectConfigurationPlatforms) = postSolution
		{106EAAC4-ED63-41E0-BAEF-3AA9D5C99BBC}.Debug|Any CPU.ActiveCfg = Debug|Any CPU
		{106EAAC4-ED63-41E0-BAEF-3AA9D5C99BBC}.Debug|Any CPU.Build.0 = Debug|Any CPU
		{106EAAC4-ED63-41E0-BAEF-3AA9D5C99BBC}.Release|Any CPU.ActiveCfg = Release|Any CPU
		{106EAAC4-ED63-41E0-BAEF-3AA9D5C99BBC}.Release|Any CPU.Build.0 = Release|Any CPU
	EndGlobalSection
	GlobalSection(SolutionProperties) = preSolution
		HideSolutionNode = FALSE
	EndGlobalSection
	GlobalSection(ExtensibilityGlobals) = postSolution
		SolutionGuid = {1C266976-73D8-49AF-9AA5-22FC6A45A4F2}
	EndGlobalSection
EndGlobal
